
Microsoft Visual Studio Solution File, Format Version 12.00
# Visual Studio Version 17
VisualStudioVersion = 17.9.34701.34
MinimumVisualStudioVersion = 10.0.40219.1
Project("{FAE04EC0-301F-11D3-BF4B-00C04F79EFBC}") = "eAppointmentServer.Domain", "eAppointmentServer.Domain\eAppointmentServer.Domain.csproj", "{00B0F2A4-B88A-43AD-AAE6-F2A6DE720818}"
EndProject
Global
	GlobalSection(SolutionConfigurationPlatforms) = preSolution
		Debug|Any CPU = Debug|Any CPU
		Release|Any CPU = Release|Any CPU
	EndGlobalSection
	GlobalSection(ProjectConfigurationPlatforms) = postSolution
		{00B0F2A4-B88A-43AD-AAE6-F2A6DE720818}.Debug|Any CPU.ActiveCfg = Debug|Any CPU
		{00B0F2A4-B88A-43AD-AAE6-F2A6DE720818}.Debug|Any CPU.Build.0 = Debug|Any CPU
		{00B0F2A4-B88A-43AD-AAE6-F2A6DE720818}.Release|Any CPU.ActiveCfg = Release|Any CPU
		{00B0F2A4-B88A-43AD-AAE6-F2A6DE720818}.Release|Any CPU.Build.0 = Release|Any CPU
	EndGlobalSection
	GlobalSection(SolutionProperties) = preSolution
		HideSolutionNode = FALSE
	EndGlobalSection
	GlobalSection(ExtensibilityGlobals) = postSolution
		SolutionGuid = {FC9DE317-A6FA-4D59-8B34-5F277946D67C}
	EndGlobalSection
EndGlobal
